// !$*UTF8*$!
{
	archiveVersion = 1;
	classes = {
	};
	objectVersion = 77;
	objects = {

/* Begin PBXBuildFile section */
		D953705F2CC21A89003AB56F /* Preview Assets.xcassets in Resources */ = {isa = PBXBuildFile; fileRef = D95370592CC21A89003AB56F /* Preview Assets.xcassets */; };
		D95370602CC21A89003AB56F /* Assets.xcassets in Resources */ = {isa = PBXBuildFile; fileRef = D953705B2CC21A89003AB56F /* Assets.xcassets */; };
		D95370612CC21A89003AB56F /* App.swift in Sources */ = {isa = PBXBuildFile; fileRef = D953705C2CC21A89003AB56F /* App.swift */; };
		D95370622CC21A89003AB56F /* ContentView.swift in Sources */ = {isa = PBXBuildFile; fileRef = D953705D2CC21A89003AB56F /* ContentView.swift */; };
		D95370652CC21A8C003AB56F /* BarrelTests.swift in Sources */ = {isa = PBXBuildFile; fileRef = D95370632CC21A8C003AB56F /* BarrelTests.swift */; };
		D95370692CC21A8F003AB56F /* BarrelUITests.swift in Sources */ = {isa = PBXBuildFile; fileRef = D95370662CC21A8F003AB56F /* BarrelUITests.swift */; };
		D953706A2CC21A8F003AB56F /* BarrelUITestsLaunchTests.swift in Sources */ = {isa = PBXBuildFile; fileRef = D95370672CC21A8F003AB56F /* BarrelUITestsLaunchTests.swift */; };
		D953707D2CC21DD1003AB56F /* AsyncButton.swift in Sources */ = {isa = PBXBuildFile; fileRef = D953706E2CC21DD1003AB56F /* AsyncButton.swift */; };
		D953707E2CC21DD1003AB56F /* UserRepository.swift in Sources */ = {isa = PBXBuildFile; fileRef = D953707A2CC21DD1003AB56F /* UserRepository.swift */; };
		D953707F2CC21DD1003AB56F /* NetworkService.swift in Sources */ = {isa = PBXBuildFile; fileRef = D95370712CC21DD1003AB56F /* NetworkService.swift */; };
		D95370802CC21DD1003AB56F /* TokenManager.swift in Sources */ = {isa = PBXBuildFile; fileRef = D95370762CC21DD1003AB56F /* TokenManager.swift */; };
		D95370812CC21DD1003AB56F /* APIRequestBuilder.swift in Sources */ = {isa = PBXBuildFile; fileRef = D953706D2CC21DD1003AB56F /* APIRequestBuilder.swift */; };
		D95370822CC21DD1003AB56F /* NetworkError.swift in Sources */ = {isa = PBXBuildFile; fileRef = D953706F2CC21DD1003AB56F /* NetworkError.swift */; };
		D95370832CC21DD1003AB56F /* SocketManager.swift in Sources */ = {isa = PBXBuildFile; fileRef = D95370752CC21DD1003AB56F /* SocketManager.swift */; };
		D95370842CC21DD1003AB56F /* ViewState.swift in Sources */ = {isa = PBXBuildFile; fileRef = D95370722CC21DD1003AB56F /* ViewState.swift */; };
		D95370852CC21DD1003AB56F /* KeychainManager.swift in Sources */ = {isa = PBXBuildFile; fileRef = D95370742CC21DD1003AB56F /* KeychainManager.swift */; };
		D95370862CC21DD1003AB56F /* UserAPIRequester.swift in Sources */ = {isa = PBXBuildFile; fileRef = D95370782CC21DD1003AB56F /* UserAPIRequester.swift */; };
		D95370872CC21DD1003AB56F /* UserModel.swift in Sources */ = {isa = PBXBuildFile; fileRef = D95370792CC21DD1003AB56F /* UserModel.swift */; };
		D95370882CC21DD1003AB56F /* NetworkPath.swift in Sources */ = {isa = PBXBuildFile; fileRef = D95370702CC21DD1003AB56F /* NetworkPath.swift */; };
		D953708B2CC21EE3003AB56F /* CarModel.swift in Sources */ = {isa = PBXBuildFile; fileRef = D953708A2CC21EE3003AB56F /* CarModel.swift */; };
		D953708E2CC21F20003AB56F /* CarEntry.swift in Sources */ = {isa = PBXBuildFile; fileRef = D953708D2CC21F20003AB56F /* CarEntry.swift */; };
		D95370902CC21F68003AB56F /* CarAPIRequester.swift in Sources */ = {isa = PBXBuildFile; fileRef = D953708F2CC21F68003AB56F /* CarAPIRequester.swift */; };
		D95370922CC220FA003AB56F /* CarEntryAPIRequester.swift in Sources */ = {isa = PBXBuildFile; fileRef = D95370912CC220FA003AB56F /* CarEntryAPIRequester.swift */; };
/* End PBXBuildFile section */

/* Begin PBXContainerItemProxy section */
		D953703D2CC21A71003AB56F /* PBXContainerItemProxy */ = {
			isa = PBXContainerItemProxy;
			containerPortal = D95370242CC21A70003AB56F /* Project object */;
			proxyType = 1;
			remoteGlobalIDString = D953702B2CC21A70003AB56F;
			remoteInfo = Barrel;
		};
		D95370472CC21A71003AB56F /* PBXContainerItemProxy */ = {
			isa = PBXContainerItemProxy;
			containerPortal = D95370242CC21A70003AB56F /* Project object */;
			proxyType = 1;
			remoteGlobalIDString = D953702B2CC21A70003AB56F;
			remoteInfo = Barrel;
		};
/* End PBXContainerItemProxy section */

/* Begin PBXFileReference section */
		D953702C2CC21A70003AB56F /* Barrel.app */ = {isa = PBXFileReference; explicitFileType = wrapper.application; includeInIndex = 0; path = Barrel.app; sourceTree = BUILT_PRODUCTS_DIR; };
		D953703C2CC21A71003AB56F /* BarrelTests.xctest */ = {isa = PBXFileReference; explicitFileType = wrapper.cfbundle; includeInIndex = 0; path = BarrelTests.xctest; sourceTree = BUILT_PRODUCTS_DIR; };
		D95370462CC21A71003AB56F /* BarrelUITests.xctest */ = {isa = PBXFileReference; explicitFileType = wrapper.cfbundle; includeInIndex = 0; path = BarrelUITests.xctest; sourceTree = BUILT_PRODUCTS_DIR; };
		D95370592CC21A89003AB56F /* Preview Assets.xcassets */ = {isa = PBXFileReference; lastKnownFileType = folder.assetcatalog; path = "Preview Assets.xcassets"; sourceTree = "<group>"; };
		D953705B2CC21A89003AB56F /* Assets.xcassets */ = {isa = PBXFileReference; lastKnownFileType = folder.assetcatalog; path = Assets.xcassets; sourceTree = "<group>"; };
		D953705C2CC21A89003AB56F /* App.swift */ = {isa = PBXFileReference; lastKnownFileType = sourcecode.swift; path = App.swift; sourceTree = "<group>"; };
		D953705D2CC21A89003AB56F /* ContentView.swift */ = {isa = PBXFileReference; lastKnownFileType = sourcecode.swift; path = ContentView.swift; sourceTree = "<group>"; };
		D95370632CC21A8C003AB56F /* BarrelTests.swift */ = {isa = PBXFileReference; lastKnownFileType = sourcecode.swift; path = BarrelTests.swift; sourceTree = "<group>"; };
		D95370662CC21A8F003AB56F /* BarrelUITests.swift */ = {isa = PBXFileReference; lastKnownFileType = sourcecode.swift; path = BarrelUITests.swift; sourceTree = "<group>"; };
		D95370672CC21A8F003AB56F /* BarrelUITestsLaunchTests.swift */ = {isa = PBXFileReference; lastKnownFileType = sourcecode.swift; path = BarrelUITestsLaunchTests.swift; sourceTree = "<group>"; };
		D953706D2CC21DD1003AB56F /* APIRequestBuilder.swift */ = {isa = PBXFileReference; lastKnownFileType = sourcecode.swift; path = APIRequestBuilder.swift; sourceTree = "<group>"; };
		D953706E2CC21DD1003AB56F /* AsyncButton.swift */ = {isa = PBXFileReference; lastKnownFileType = sourcecode.swift; path = AsyncButton.swift; sourceTree = "<group>"; };
		D953706F2CC21DD1003AB56F /* NetworkError.swift */ = {isa = PBXFileReference; lastKnownFileType = sourcecode.swift; path = NetworkError.swift; sourceTree = "<group>"; };
		D95370702CC21DD1003AB56F /* NetworkPath.swift */ = {isa = PBXFileReference; lastKnownFileType = sourcecode.swift; path = NetworkPath.swift; sourceTree = "<group>"; };
		D95370712CC21DD1003AB56F /* NetworkService.swift */ = {isa = PBXFileReference; lastKnownFileType = sourcecode.swift; path = NetworkService.swift; sourceTree = "<group>"; };
		D95370722CC21DD1003AB56F /* ViewState.swift */ = {isa = PBXFileReference; lastKnownFileType = sourcecode.swift; path = ViewState.swift; sourceTree = "<group>"; };
		D95370742CC21DD1003AB56F /* KeychainManager.swift */ = {isa = PBXFileReference; lastKnownFileType = sourcecode.swift; path = KeychainManager.swift; sourceTree = "<group>"; };
		D95370752CC21DD1003AB56F /* SocketManager.swift */ = {isa = PBXFileReference; lastKnownFileType = sourcecode.swift; path = SocketManager.swift; sourceTree = "<group>"; };
		D95370762CC21DD1003AB56F /* TokenManager.swift */ = {isa = PBXFileReference; lastKnownFileType = sourcecode.swift; path = TokenManager.swift; sourceTree = "<group>"; };
		D95370782CC21DD1003AB56F /* UserAPIRequester.swift */ = {isa = PBXFileReference; lastKnownFileType = sourcecode.swift; path = UserAPIRequester.swift; sourceTree = "<group>"; };
		D95370792CC21DD1003AB56F /* UserModel.swift */ = {isa = PBXFileReference; lastKnownFileType = sourcecode.swift; path = UserModel.swift; sourceTree = "<group>"; };
		D953707A2CC21DD1003AB56F /* UserRepository.swift */ = {isa = PBXFileReference; lastKnownFileType = sourcecode.swift; path = UserRepository.swift; sourceTree = "<group>"; };
		D953708A2CC21EE3003AB56F /* CarModel.swift */ = {isa = PBXFileReference; lastKnownFileType = sourcecode.swift; path = CarModel.swift; sourceTree = "<group>"; };
		D953708D2CC21F20003AB56F /* CarEntry.swift */ = {isa = PBXFileReference; lastKnownFileType = sourcecode.swift; path = CarEntry.swift; sourceTree = "<group>"; };
		D953708F2CC21F68003AB56F /* CarAPIRequester.swift */ = {isa = PBXFileReference; lastKnownFileType = sourcecode.swift; path = CarAPIRequester.swift; sourceTree = "<group>"; };
		D95370912CC220FA003AB56F /* CarEntryAPIRequester.swift */ = {isa = PBXFileReference; lastKnownFileType = sourcecode.swift; path = CarEntryAPIRequester.swift; sourceTree = "<group>"; };
/* End PBXFileReference section */

/* Begin PBXFrameworksBuildPhase section */
		D95370292CC21A70003AB56F /* Frameworks */ = {
			isa = PBXFrameworksBuildPhase;
			buildActionMask = 2147483647;
			files = (
			);
			runOnlyForDeploymentPostprocessing = 0;
		};
		D95370392CC21A71003AB56F /* Frameworks */ = {
			isa = PBXFrameworksBuildPhase;
			buildActionMask = 2147483647;
			files = (
			);
			runOnlyForDeploymentPostprocessing = 0;
		};
		D95370432CC21A71003AB56F /* Frameworks */ = {
			isa = PBXFrameworksBuildPhase;
			buildActionMask = 2147483647;
			files = (
			);
			runOnlyForDeploymentPostprocessing = 0;
		};
/* End PBXFrameworksBuildPhase section */

/* Begin PBXGroup section */
		D95370232CC21A70003AB56F = {
			isa = PBXGroup;
			children = (
				D953705E2CC21A89003AB56F /* Barrel */,
				D95370642CC21A8C003AB56F /* BarrelTests */,
				D95370682CC21A8F003AB56F /* BarrelUITests */,
				D953702D2CC21A70003AB56F /* Products */,
			);
			sourceTree = "<group>";
		};
		D953702D2CC21A70003AB56F /* Products */ = {
			isa = PBXGroup;
			children = (
				D953702C2CC21A70003AB56F /* Barrel.app */,
				D953703C2CC21A71003AB56F /* BarrelTests.xctest */,
				D95370462CC21A71003AB56F /* BarrelUITests.xctest */,
			);
			name = Products;
			sourceTree = "<group>";
		};
		D953705A2CC21A89003AB56F /* Preview Content */ = {
			isa = PBXGroup;
			children = (
				D95370592CC21A89003AB56F /* Preview Assets.xcassets */,
			);
			path = "Preview Content";
			sourceTree = "<group>";
		};
		D953705E2CC21A89003AB56F /* Barrel */ = {
			isa = PBXGroup;
			children = (
				D953705C2CC21A89003AB56F /* App.swift */,
				D953705D2CC21A89003AB56F /* ContentView.swift */,
				D953707C2CC21DD1003AB56F /* Network */,
				D953706B2CC21AA0003AB56F /* Resources */,
				D953705A2CC21A89003AB56F /* Preview Content */,
			);
			path = Barrel;
			sourceTree = "<group>";
		};
		D95370642CC21A8C003AB56F /* BarrelTests */ = {
			isa = PBXGroup;
			children = (
				D95370632CC21A8C003AB56F /* BarrelTests.swift */,
			);
			path = BarrelTests;
			sourceTree = "<group>";
		};
		D95370682CC21A8F003AB56F /* BarrelUITests */ = {
			isa = PBXGroup;
			children = (
				D95370662CC21A8F003AB56F /* BarrelUITests.swift */,
				D95370672CC21A8F003AB56F /* BarrelUITestsLaunchTests.swift */,
			);
			path = BarrelUITests;
			sourceTree = "<group>";
		};
		D953706B2CC21AA0003AB56F /* Resources */ = {
			isa = PBXGroup;
			children = (
				D953706C2CC21AA7003AB56F /* Assets */,
			);
			path = Resources;
			sourceTree = "<group>";
		};
		D953706C2CC21AA7003AB56F /* Assets */ = {
			isa = PBXGroup;
			children = (
				D953705B2CC21A89003AB56F /* Assets.xcassets */,
			);
			path = Assets;
			sourceTree = "<group>";
		};
		D95370732CC21DD1003AB56F /* Generic */ = {
			isa = PBXGroup;
			children = (
				D953706D2CC21DD1003AB56F /* APIRequestBuilder.swift */,
				D953706E2CC21DD1003AB56F /* AsyncButton.swift */,
				D953706F2CC21DD1003AB56F /* NetworkError.swift */,
				D95370702CC21DD1003AB56F /* NetworkPath.swift */,
				D95370712CC21DD1003AB56F /* NetworkService.swift */,
				D95370722CC21DD1003AB56F /* ViewState.swift */,
			);
			path = Generic;
			sourceTree = "<group>";
		};
		D95370772CC21DD1003AB56F /* Managers */ = {
			isa = PBXGroup;
			children = (
				D95370742CC21DD1003AB56F /* KeychainManager.swift */,
				D95370752CC21DD1003AB56F /* SocketManager.swift */,
				D95370762CC21DD1003AB56F /* TokenManager.swift */,
			);
			path = Managers;
			sourceTree = "<group>";
		};
		D953707B2CC21DD1003AB56F /* User */ = {
			isa = PBXGroup;
			children = (
				D95370782CC21DD1003AB56F /* UserAPIRequester.swift */,
				D95370792CC21DD1003AB56F /* UserModel.swift */,
				D953707A2CC21DD1003AB56F /* UserRepository.swift */,
			);
			path = User;
			sourceTree = "<group>";
		};
		D953707C2CC21DD1003AB56F /* Network */ = {
			isa = PBXGroup;
			children = (
				D95370732CC21DD1003AB56F /* Generic */,
				D95370772CC21DD1003AB56F /* Managers */,
				D953707B2CC21DD1003AB56F /* User */,
				D95370892CC21ECE003AB56F /* Car */,
				D953708C2CC21F11003AB56F /* CarEntry */,
			);
			path = Network;
			sourceTree = "<group>";
		};
		D95370892CC21ECE003AB56F /* Car */ = {
			isa = PBXGroup;
			children = (
				D953708A2CC21EE3003AB56F /* CarModel.swift */,
				D953708F2CC21F68003AB56F /* CarAPIRequester.swift */,
			);
			path = Car;
			sourceTree = "<group>";
		};
		D953708C2CC21F11003AB56F /* CarEntry */ = {
			isa = PBXGroup;
			children = (
				D953708D2CC21F20003AB56F /* CarEntry.swift */,
				D95370912CC220FA003AB56F /* CarEntryAPIRequester.swift */,
			);
			path = CarEntry;
			sourceTree = "<group>";
		};
/* End PBXGroup section */

/* Begin PBXNativeTarget section */
		D953702B2CC21A70003AB56F /* Barrel */ = {
			isa = PBXNativeTarget;
			buildConfigurationList = D95370502CC21A71003AB56F /* Build configuration list for PBXNativeTarget "Barrel" */;
			buildPhases = (
				D95370282CC21A70003AB56F /* Sources */,
				D95370292CC21A70003AB56F /* Frameworks */,
				D953702A2CC21A70003AB56F /* Resources */,
			);
			buildRules = (
			);
			dependencies = (
			);
			name = Barrel;
			packageProductDependencies = (
			);
			productName = Barrel;
			productReference = D953702C2CC21A70003AB56F /* Barrel.app */;
			productType = "com.apple.product-type.application";
		};
		D953703B2CC21A71003AB56F /* BarrelTests */ = {
			isa = PBXNativeTarget;
			buildConfigurationList = D95370532CC21A71003AB56F /* Build configuration list for PBXNativeTarget "BarrelTests" */;
			buildPhases = (
				D95370382CC21A71003AB56F /* Sources */,
				D95370392CC21A71003AB56F /* Frameworks */,
				D953703A2CC21A71003AB56F /* Resources */,
			);
			buildRules = (
			);
			dependencies = (
				D953703E2CC21A71003AB56F /* PBXTargetDependency */,
			);
			name = BarrelTests;
			packageProductDependencies = (
			);
			productName = BarrelTests;
			productReference = D953703C2CC21A71003AB56F /* BarrelTests.xctest */;
			productType = "com.apple.product-type.bundle.unit-test";
		};
		D95370452CC21A71003AB56F /* BarrelUITests */ = {
			isa = PBXNativeTarget;
			buildConfigurationList = D95370562CC21A71003AB56F /* Build configuration list for PBXNativeTarget "BarrelUITests" */;
			buildPhases = (
				D95370422CC21A71003AB56F /* Sources */,
				D95370432CC21A71003AB56F /* Frameworks */,
				D95370442CC21A71003AB56F /* Resources */,
			);
			buildRules = (
			);
			dependencies = (
				D95370482CC21A71003AB56F /* PBXTargetDependency */,
			);
			name = BarrelUITests;
			packageProductDependencies = (
			);
			productName = BarrelUITests;
			productReference = D95370462CC21A71003AB56F /* BarrelUITests.xctest */;
			productType = "com.apple.product-type.bundle.ui-testing";
		};
/* End PBXNativeTarget section */

/* Begin PBXProject section */
		D95370242CC21A70003AB56F /* Project object */ = {
			isa = PBXProject;
			attributes = {
				BuildIndependentTargetsInParallel = 1;
				LastSwiftUpdateCheck = 1600;
				LastUpgradeCheck = 1600;
				TargetAttributes = {
					D953702B2CC21A70003AB56F = {
						CreatedOnToolsVersion = 16.0;
					};
					D953703B2CC21A71003AB56F = {
						CreatedOnToolsVersion = 16.0;
						TestTargetID = D953702B2CC21A70003AB56F;
					};
					D95370452CC21A71003AB56F = {
						CreatedOnToolsVersion = 16.0;
						TestTargetID = D953702B2CC21A70003AB56F;
					};
				};
			};
			buildConfigurationList = D95370272CC21A70003AB56F /* Build configuration list for PBXProject "Barrel" */;
			developmentRegion = en;
			hasScannedForEncodings = 0;
			knownRegions = (
				en,
				Base,
			);
			mainGroup = D95370232CC21A70003AB56F;
			minimizedProjectReferenceProxies = 1;
			preferredProjectObjectVersion = 77;
			productRefGroup = D953702D2CC21A70003AB56F /* Products */;
			projectDirPath = "";
			projectRoot = "";
			targets = (
				D953702B2CC21A70003AB56F /* Barrel */,
				D953703B2CC21A71003AB56F /* BarrelTests */,
				D95370452CC21A71003AB56F /* BarrelUITests */,
			);
		};
/* End PBXProject section */

/* Begin PBXResourcesBuildPhase section */
		D953702A2CC21A70003AB56F /* Resources */ = {
			isa = PBXResourcesBuildPhase;
			buildActionMask = 2147483647;
			files = (
				D953705F2CC21A89003AB56F /* Preview Assets.xcassets in Resources */,
				D95370602CC21A89003AB56F /* Assets.xcassets in Resources */,
			);
			runOnlyForDeploymentPostprocessing = 0;
		};
		D953703A2CC21A71003AB56F /* Resources */ = {
			isa = PBXResourcesBuildPhase;
			buildActionMask = 2147483647;
			files = (
			);
			runOnlyForDeploymentPostprocessing = 0;
		};
		D95370442CC21A71003AB56F /* Resources */ = {
			isa = PBXResourcesBuildPhase;
			buildActionMask = 2147483647;
			files = (
			);
			runOnlyForDeploymentPostprocessing = 0;
		};
/* End PBXResourcesBuildPhase section */

/* Begin PBXSourcesBuildPhase section */
		D95370282CC21A70003AB56F /* Sources */ = {
			isa = PBXSourcesBuildPhase;
			buildActionMask = 2147483647;
			files = (
				D95370612CC21A89003AB56F /* App.swift in Sources */,
				D953708E2CC21F20003AB56F /* CarEntry.swift in Sources */,
				D95370622CC21A89003AB56F /* ContentView.swift in Sources */,
				D953707D2CC21DD1003AB56F /* AsyncButton.swift in Sources */,
				D953707E2CC21DD1003AB56F /* UserRepository.swift in Sources */,
				D953707F2CC21DD1003AB56F /* NetworkService.swift in Sources */,
				D95370802CC21DD1003AB56F /* TokenManager.swift in Sources */,
				D95370812CC21DD1003AB56F /* APIRequestBuilder.swift in Sources */,
				D95370822CC21DD1003AB56F /* NetworkError.swift in Sources */,
				D95370922CC220FA003AB56F /* CarEntryAPIRequester.swift in Sources */,
				D95370832CC21DD1003AB56F /* SocketManager.swift in Sources */,
				D95370842CC21DD1003AB56F /* ViewState.swift in Sources */,
				D95370852CC21DD1003AB56F /* KeychainManager.swift in Sources */,
				D953708B2CC21EE3003AB56F /* CarModel.swift in Sources */,
				D95370862CC21DD1003AB56F /* UserAPIRequester.swift in Sources */,
				D95370872CC21DD1003AB56F /* UserModel.swift in Sources */,
				D95370882CC21DD1003AB56F /* NetworkPath.swift in Sources */,
				D95370902CC21F68003AB56F /* CarAPIRequester.swift in Sources */,
			);
			runOnlyForDeploymentPostprocessing = 0;
		};
		D95370382CC21A71003AB56F /* Sources */ = {
			isa = PBXSourcesBuildPhase;
			buildActionMask = 2147483647;
			files = (
				D95370652CC21A8C003AB56F /* BarrelTests.swift in Sources */,
			);
			runOnlyForDeploymentPostprocessing = 0;
		};
		D95370422CC21A71003AB56F /* Sources */ = {
			isa = PBXSourcesBuildPhase;
			buildActionMask = 2147483647;
			files = (
				D95370692CC21A8F003AB56F /* BarrelUITests.swift in Sources */,
				D953706A2CC21A8F003AB56F /* BarrelUITestsLaunchTests.swift in Sources */,
			);
			runOnlyForDeploymentPostprocessing = 0;
		};
/* End PBXSourcesBuildPhase section */

/* Begin PBXTargetDependency section */
		D953703E2CC21A71003AB56F /* PBXTargetDependency */ = {
			isa = PBXTargetDependency;
			target = D953702B2CC21A70003AB56F /* Barrel */;
			targetProxy = D953703D2CC21A71003AB56F /* PBXContainerItemProxy */;
		};
		D95370482CC21A71003AB56F /* PBXTargetDependency */ = {
			isa = PBXTargetDependency;
			target = D953702B2CC21A70003AB56F /* Barrel */;
			targetProxy = D95370472CC21A71003AB56F /* PBXContainerItemProxy */;
		};
/* End PBXTargetDependency section */

/* Begin XCBuildConfiguration section */
		D953704E2CC21A71003AB56F /* Debug */ = {
			isa = XCBuildConfiguration;
			buildSettings = {
				ALWAYS_SEARCH_USER_PATHS = NO;
				ASSETCATALOG_COMPILER_GENERATE_SWIFT_ASSET_SYMBOL_EXTENSIONS = YES;
				CLANG_ANALYZER_NONNULL = YES;
				CLANG_ANALYZER_NUMBER_OBJECT_CONVERSION = YES_AGGRESSIVE;
				CLANG_CXX_LANGUAGE_STANDARD = "gnu++20";
				CLANG_ENABLE_MODULES = YES;
				CLANG_ENABLE_OBJC_ARC = YES;
				CLANG_ENABLE_OBJC_WEAK = YES;
				CLANG_WARN_BLOCK_CAPTURE_AUTORELEASING = YES;
				CLANG_WARN_BOOL_CONVERSION = YES;
				CLANG_WARN_COMMA = YES;
				CLANG_WARN_CONSTANT_CONVERSION = YES;
				CLANG_WARN_DEPRECATED_OBJC_IMPLEMENTATIONS = YES;
				CLANG_WARN_DIRECT_OBJC_ISA_USAGE = YES_ERROR;
				CLANG_WARN_DOCUMENTATION_COMMENTS = YES;
				CLANG_WARN_EMPTY_BODY = YES;
				CLANG_WARN_ENUM_CONVERSION = YES;
				CLANG_WARN_INFINITE_RECURSION = YES;
				CLANG_WARN_INT_CONVERSION = YES;
				CLANG_WARN_NON_LITERAL_NULL_CONVERSION = YES;
				CLANG_WARN_OBJC_IMPLICIT_RETAIN_SELF = YES;
				CLANG_WARN_OBJC_LITERAL_CONVERSION = YES;
				CLANG_WARN_OBJC_ROOT_CLASS = YES_ERROR;
				CLANG_WARN_QUOTED_INCLUDE_IN_FRAMEWORK_HEADER = YES;
				CLANG_WARN_RANGE_LOOP_ANALYSIS = YES;
				CLANG_WARN_STRICT_PROTOTYPES = YES;
				CLANG_WARN_SUSPICIOUS_MOVE = YES;
				CLANG_WARN_UNGUARDED_AVAILABILITY = YES_AGGRESSIVE;
				CLANG_WARN_UNREACHABLE_CODE = YES;
				CLANG_WARN__DUPLICATE_METHOD_MATCH = YES;
				COPY_PHASE_STRIP = NO;
				DEBUG_INFORMATION_FORMAT = dwarf;
				ENABLE_STRICT_OBJC_MSGSEND = YES;
				ENABLE_TESTABILITY = YES;
				ENABLE_USER_SCRIPT_SANDBOXING = YES;
				GCC_C_LANGUAGE_STANDARD = gnu17;
				GCC_DYNAMIC_NO_PIC = NO;
				GCC_NO_COMMON_BLOCKS = YES;
				GCC_OPTIMIZATION_LEVEL = 0;
				GCC_PREPROCESSOR_DEFINITIONS = (
					"DEBUG=1",
					"$(inherited)",
				);
				GCC_WARN_64_TO_32_BIT_CONVERSION = YES;
				GCC_WARN_ABOUT_RETURN_TYPE = YES_ERROR;
				GCC_WARN_UNDECLARED_SELECTOR = YES;
				GCC_WARN_UNINITIALIZED_AUTOS = YES_AGGRESSIVE;
				GCC_WARN_UNUSED_FUNCTION = YES;
				GCC_WARN_UNUSED_VARIABLE = YES;
				IPHONEOS_DEPLOYMENT_TARGET = 18.0;
				LOCALIZATION_PREFERS_STRING_CATALOGS = YES;
				MTL_ENABLE_DEBUG_INFO = INCLUDE_SOURCE;
				MTL_FAST_MATH = YES;
				ONLY_ACTIVE_ARCH = YES;
				SDKROOT = iphoneos;
				SWIFT_ACTIVE_COMPILATION_CONDITIONS = "DEBUG $(inherited)";
				SWIFT_OPTIMIZATION_LEVEL = "-Onone";
			};
			name = Debug;
		};
		D953704F2CC21A71003AB56F /* Release */ = {
			isa = XCBuildConfiguration;
			buildSettings = {
				ALWAYS_SEARCH_USER_PATHS = NO;
				ASSETCATALOG_COMPILER_GENERATE_SWIFT_ASSET_SYMBOL_EXTENSIONS = YES;
				CLANG_ANALYZER_NONNULL = YES;
				CLANG_ANALYZER_NUMBER_OBJECT_CONVERSION = YES_AGGRESSIVE;
				CLANG_CXX_LANGUAGE_STANDARD = "gnu++20";
				CLANG_ENABLE_MODULES = YES;
				CLANG_ENABLE_OBJC_ARC = YES;
				CLANG_ENABLE_OBJC_WEAK = YES;
				CLANG_WARN_BLOCK_CAPTURE_AUTORELEASING = YES;
				CLANG_WARN_BOOL_CONVERSION = YES;
				CLANG_WARN_COMMA = YES;
				CLANG_WARN_CONSTANT_CONVERSION = YES;
				CLANG_WARN_DEPRECATED_OBJC_IMPLEMENTATIONS = YES;
				CLANG_WARN_DIRECT_OBJC_ISA_USAGE = YES_ERROR;
				CLANG_WARN_DOCUMENTATION_COMMENTS = YES;
				CLANG_WARN_EMPTY_BODY = YES;
				CLANG_WARN_ENUM_CONVERSION = YES;
				CLANG_WARN_INFINITE_RECURSION = YES;
				CLANG_WARN_INT_CONVERSION = YES;
				CLANG_WARN_NON_LITERAL_NULL_CONVERSION = YES;
				CLANG_WARN_OBJC_IMPLICIT_RETAIN_SELF = YES;
				CLANG_WARN_OBJC_LITERAL_CONVERSION = YES;
				CLANG_WARN_OBJC_ROOT_CLASS = YES_ERROR;
				CLANG_WARN_QUOTED_INCLUDE_IN_FRAMEWORK_HEADER = YES;
				CLANG_WARN_RANGE_LOOP_ANALYSIS = YES;
				CLANG_WARN_STRICT_PROTOTYPES = YES;
				CLANG_WARN_SUSPICIOUS_MOVE = YES;
				CLANG_WARN_UNGUARDED_AVAILABILITY = YES_AGGRESSIVE;
				CLANG_WARN_UNREACHABLE_CODE = YES;
				CLANG_WARN__DUPLICATE_METHOD_MATCH = YES;
				COPY_PHASE_STRIP = NO;
				DEBUG_INFORMATION_FORMAT = "dwarf-with-dsym";
				ENABLE_NS_ASSERTIONS = NO;
				ENABLE_STRICT_OBJC_MSGSEND = YES;
				ENABLE_USER_SCRIPT_SANDBOXING = YES;
				GCC_C_LANGUAGE_STANDARD = gnu17;
				GCC_NO_COMMON_BLOCKS = YES;
				GCC_WARN_64_TO_32_BIT_CONVERSION = YES;
				GCC_WARN_ABOUT_RETURN_TYPE = YES_ERROR;
				GCC_WARN_UNDECLARED_SELECTOR = YES;
				GCC_WARN_UNINITIALIZED_AUTOS = YES_AGGRESSIVE;
				GCC_WARN_UNUSED_FUNCTION = YES;
				GCC_WARN_UNUSED_VARIABLE = YES;
				IPHONEOS_DEPLOYMENT_TARGET = 18.0;
				LOCALIZATION_PREFERS_STRING_CATALOGS = YES;
				MTL_ENABLE_DEBUG_INFO = NO;
				MTL_FAST_MATH = YES;
				SDKROOT = iphoneos;
				SWIFT_COMPILATION_MODE = wholemodule;
				VALIDATE_PRODUCT = YES;
			};
			name = Release;
		};
		D95370512CC21A71003AB56F /* Debug */ = {
			isa = XCBuildConfiguration;
			buildSettings = {
				ASSETCATALOG_COMPILER_APPICON_NAME = AppIcon;
				ASSETCATALOG_COMPILER_GLOBAL_ACCENT_COLOR_NAME = AccentColor;
				CODE_SIGN_STYLE = Automatic;
				CURRENT_PROJECT_VERSION = 1;
				DEVELOPMENT_ASSET_PATHS = "\"Barrel/Preview Content\"";
				DEVELOPMENT_TEAM = 8TMMB69WBG;
				ENABLE_PREVIEWS = YES;
				GENERATE_INFOPLIST_FILE = YES;
				INFOPLIST_KEY_UIApplicationSceneManifest_Generation = YES;
				INFOPLIST_KEY_UIApplicationSupportsIndirectInputEvents = YES;
				INFOPLIST_KEY_UILaunchScreen_Generation = YES;
				INFOPLIST_KEY_UISupportedInterfaceOrientations_iPad = "UIInterfaceOrientationPortrait UIInterfaceOrientationPortraitUpsideDown UIInterfaceOrientationLandscapeLeft UIInterfaceOrientationLandscapeRight";
				INFOPLIST_KEY_UISupportedInterfaceOrientations_iPhone = "UIInterfaceOrientationPortrait UIInterfaceOrientationLandscapeLeft UIInterfaceOrientationLandscapeRight";
				LD_RUNPATH_SEARCH_PATHS = (
					"$(inherited)",
					"@executable_path/Frameworks",
				);
				MARKETING_VERSION = 1.0;
				PRODUCT_BUNDLE_IDENTIFIER = sementa.com.Barrel;
				PRODUCT_NAME = "$(TARGET_NAME)";
				SWIFT_EMIT_LOC_STRINGS = YES;
				SWIFT_VERSION = 5.0;
				TARGETED_DEVICE_FAMILY = "1,2";
			};
			name = Debug;
		};
		D95370522CC21A71003AB56F /* Release */ = {
			isa = XCBuildConfiguration;
			buildSettings = {
				ASSETCATALOG_COMPILER_APPICON_NAME = AppIcon;
				ASSETCATALOG_COMPILER_GLOBAL_ACCENT_COLOR_NAME = AccentColor;
				CODE_SIGN_STYLE = Automatic;
				CURRENT_PROJECT_VERSION = 1;
				DEVELOPMENT_ASSET_PATHS = "\"Barrel/Preview Content\"";
				DEVELOPMENT_TEAM = 8TMMB69WBG;
				ENABLE_PREVIEWS = YES;
				GENERATE_INFOPLIST_FILE = YES;
				INFOPLIST_KEY_UIApplicationSceneManifest_Generation = YES;
				INFOPLIST_KEY_UIApplicationSupportsIndirectInputEvents = YES;
				INFOPLIST_KEY_UILaunchScreen_Generation = YES;
				INFOPLIST_KEY_UISupportedInterfaceOrientations_iPad = "UIInterfaceOrientationPortrait UIInterfaceOrientationPortraitUpsideDown UIInterfaceOrientationLandscapeLeft UIInterfaceOrientationLandscapeRight";
				INFOPLIST_KEY_UISupportedInterfaceOrientations_iPhone = "UIInterfaceOrientationPortrait UIInterfaceOrientationLandscapeLeft UIInterfaceOrientationLandscapeRight";
				LD_RUNPATH_SEARCH_PATHS = (
					"$(inherited)",
					"@executable_path/Frameworks",
				);
				MARKETING_VERSION = 1.0;
				PRODUCT_BUNDLE_IDENTIFIER = sementa.com.Barrel;
				PRODUCT_NAME = "$(TARGET_NAME)";
				SWIFT_EMIT_LOC_STRINGS = YES;
				SWIFT_VERSION = 5.0;
				TARGETED_DEVICE_FAMILY = "1,2";
			};
			name = Release;
		};
		D95370542CC21A71003AB56F /* Debug */ = {
			isa = XCBuildConfiguration;
			buildSettings = {
				BUNDLE_LOADER = "$(TEST_HOST)";
				CODE_SIGN_STYLE = Automatic;
				CURRENT_PROJECT_VERSION = 1;
				DEVELOPMENT_TEAM = 8TMMB69WBG;
				GENERATE_INFOPLIST_FILE = YES;
				IPHONEOS_DEPLOYMENT_TARGET = 18.0;
				MARKETING_VERSION = 1.0;
				PRODUCT_BUNDLE_IDENTIFIER = sementa.com.BarrelTests;
				PRODUCT_NAME = "$(TARGET_NAME)";
				SWIFT_EMIT_LOC_STRINGS = NO;
				SWIFT_VERSION = 5.0;
				TARGETED_DEVICE_FAMILY = "1,2";
				TEST_HOST = "$(BUILT_PRODUCTS_DIR)/Barrel.app/$(BUNDLE_EXECUTABLE_FOLDER_PATH)/Barrel";
			};
			name = Debug;
		};
		D95370552CC21A71003AB56F /* Release */ = {
			isa = XCBuildConfiguration;
			buildSettings = {
				BUNDLE_LOADER = "$(TEST_HOST)";
				CODE_SIGN_STYLE = Automatic;
				CURRENT_PROJECT_VERSION = 1;
				DEVELOPMENT_TEAM = 8TMMB69WBG;
				GENERATE_INFOPLIST_FILE = YES;
				IPHONEOS_DEPLOYMENT_TARGET = 18.0;
				MARKETING_VERSION = 1.0;
				PRODUCT_BUNDLE_IDENTIFIER = sementa.com.BarrelTests;
				PRODUCT_NAME = "$(TARGET_NAME)";
				SWIFT_EMIT_LOC_STRINGS = NO;
				SWIFT_VERSION = 5.0;
				TARGETED_DEVICE_FAMILY = "1,2";
				TEST_HOST = "$(BUILT_PRODUCTS_DIR)/Barrel.app/$(BUNDLE_EXECUTABLE_FOLDER_PATH)/Barrel";
			};
			name = Release;
		};
		D95370572CC21A71003AB56F /* Debug */ = {
			isa = XCBuildConfiguration;
			buildSettings = {
				CODE_SIGN_STYLE = Automatic;
				CURRENT_PROJECT_VERSION = 1;
				DEVELOPMENT_TEAM = 8TMMB69WBG;
				GENERATE_INFOPLIST_FILE = YES;
				MARKETING_VERSION = 1.0;
				PRODUCT_BUNDLE_IDENTIFIER = sementa.com.BarrelUITests;
				PRODUCT_NAME = "$(TARGET_NAME)";
				SWIFT_EMIT_LOC_STRINGS = NO;
				SWIFT_VERSION = 5.0;
				TARGETED_DEVICE_FAMILY = "1,2";
				TEST_TARGET_NAME = Barrel;
			};
			name = Debug;
		};
		D95370582CC21A71003AB56F /* Release */ = {
			isa = XCBuildConfiguration;
			buildSettings = {
				CODE_SIGN_STYLE = Automatic;
				CURRENT_PROJECT_VERSION = 1;
				DEVELOPMENT_TEAM = 8TMMB69WBG;
				GENERATE_INFOPLIST_FILE = YES;
				MARKETING_VERSION = 1.0;
				PRODUCT_BUNDLE_IDENTIFIER = sementa.com.BarrelUITests;
				PRODUCT_NAME = "$(TARGET_NAME)";
				SWIFT_EMIT_LOC_STRINGS = NO;
				SWIFT_VERSION = 5.0;
				TARGETED_DEVICE_FAMILY = "1,2";
				TEST_TARGET_NAME = Barrel;
			};
			name = Release;
		};
/* End XCBuildConfiguration section */

/* Begin XCConfigurationList section */
		D95370272CC21A70003AB56F /* Build configuration list for PBXProject "Barrel" */ = {
			isa = XCConfigurationList;
			buildConfigurations = (
				D953704E2CC21A71003AB56F /* Debug */,
				D953704F2CC21A71003AB56F /* Release */,
			);
			defaultConfigurationIsVisible = 0;
			defaultConfigurationName = Release;
		};
		D95370502CC21A71003AB56F /* Build configuration list for PBXNativeTarget "Barrel" */ = {
			isa = XCConfigurationList;
			buildConfigurations = (
				D95370512CC21A71003AB56F /* Debug */,
				D95370522CC21A71003AB56F /* Release */,
			);
			defaultConfigurationIsVisible = 0;
			defaultConfigurationName = Release;
		};
		D95370532CC21A71003AB56F /* Build configuration list for PBXNativeTarget "BarrelTests" */ = {
			isa = XCConfigurationList;
			buildConfigurations = (
				D95370542CC21A71003AB56F /* Debug */,
				D95370552CC21A71003AB56F /* Release */,
			);
			defaultConfigurationIsVisible = 0;
			defaultConfigurationName = Release;
		};
		D95370562CC21A71003AB56F /* Build configuration list for PBXNativeTarget "BarrelUITests" */ = {
			isa = XCConfigurationList;
			buildConfigurations = (
				D95370572CC21A71003AB56F /* Debug */,
				D95370582CC21A71003AB56F /* Release */,
			);
			defaultConfigurationIsVisible = 0;
			defaultConfigurationName = Release;
		};
/* End XCConfigurationList section */
	};
	rootObject = D95370242CC21A70003AB56F /* Project object */;
}
