{
  "originHash" : "d64b538739f4052c43551c655d6b2534a092f26b1dff0ef9c82dc1109cfed56d",
  "pins" : [
    {
      "identity" : "theokit",
      "kind" : "remoteSourceControl",
      "location" : "https://github.com/theosementa7/TheoKit",
      "state" : {
        "branch" : "main",
        "revision" : "823f82da7b55032dd5f5df98b433a976cfbcf012"
      }
    }
  ],
  "version" : 3
}
